
Microsoft Visual Studio Solution File, Format Version 12.00
# Visual Studio 2013
VisualStudioVersion = 12.0.31101.0
MinimumVisualStudioVersion = 10.0.40219.1
Project("{FAE04EC0-301F-11D3-BF4B-00C04F79EFBC}") = "Layout", "Layout\Layout.csproj", "{7BA4C7AE-9AF9-4468-B59D-3F2AE64A795A}"
EndProject
Global
	GlobalSection(SolutionConfigurationPlatforms) = preSolution
		Ad-Hoc|iPhone = Ad-Hoc|iPhone
		Ad-Hoc|iPhoneSimulator = Ad-Hoc|iPhoneSimulator
		AppStore|iPhone = AppStore|iPhone
		AppStore|iPhoneSimulator = AppStore|iPhoneSimulator
		Debug|iPhone = Debug|iPhone
		Debug|iPhoneSimulator = Debug|iPhoneSimulator
		Release|iPhone = Release|iPhone
		Release|iPhoneSimulator = Release|iPhoneSimulator
	EndGlobalSection
	GlobalSection(ProjectConfigurationPlatforms) = postSolution
		{7BA4C7AE-9AF9-4468-B59D-3F2AE64A795A}.Ad-Hoc|iPhone.ActiveCfg = Ad-Hoc|iPhone
		{7BA4C7AE-9AF9-4468-B59D-3F2AE64A795A}.Ad-Hoc|iPhone.Build.0 = Ad-Hoc|iPhone
		{7BA4C7AE-9AF9-4468-B59D-3F2AE64A795A}.Ad-Hoc|iPhoneSimulator.ActiveCfg = Ad-Hoc|iPhoneSimulator
		{7BA4C7AE-9AF9-4468-B59D-3F2AE64A795A}.Ad-Hoc|iPhoneSimulator.Build.0 = Ad-Hoc|iPhoneSimulator
		{7BA4C7AE-9AF9-4468-B59D-3F2AE64A795A}.AppStore|iPhone.ActiveCfg = AppStore|iPhone
		{7BA4C7AE-9AF9-4468-B59D-3F2AE64A795A}.AppStore|iPhone.Build.0 = AppStore|iPhone
		{7BA4C7AE-9AF9-4468-B59D-3F2AE64A795A}.AppStore|iPhoneSimulator.ActiveCfg = AppStore|iPhoneSimulator
		{7BA4C7AE-9AF9-4468-B59D-3F2AE64A795A}.AppStore|iPhoneSimulator.Build.0 = AppStore|iPhoneSimulator
		{7BA4C7AE-9AF9-4468-B59D-3F2AE64A795A}.Debug|iPhone.ActiveCfg = Debug|iPhone
		{7BA4C7AE-9AF9-4468-B59D-3F2AE64A795A}.Debug|iPhone.Build.0 = Debug|iPhone
		{7BA4C7AE-9AF9-4468-B59D-3F2AE64A795A}.Debug|iPhoneSimulator.ActiveCfg = Debug|iPhoneSimulator
		{7BA4C7AE-9AF9-4468-B59D-3F2AE64A795A}.Debug|iPhoneSimulator.Build.0 = Debug|iPhoneSimulator
		{7BA4C7AE-9AF9-4468-B59D-3F2AE64A795A}.Release|iPhone.ActiveCfg = Release|iPhone
		{7BA4C7AE-9AF9-4468-B59D-3F2AE64A795A}.Release|iPhone.Build.0 = Release|iPhone
		{7BA4C7AE-9AF9-4468-B59D-3F2AE64A795A}.Release|iPhoneSimulator.ActiveCfg = Release|iPhoneSimulator
		{7BA4C7AE-9AF9-4468-B59D-3F2AE64A795A}.Release|iPhoneSimulator.Build.0 = Release|iPhoneSimulator
	EndGlobalSection
	GlobalSection(SolutionProperties) = preSolution
		HideSolutionNode = FALSE
	EndGlobalSection
EndGlobal
